
Microsoft Visual Studio Solution File, Format Version 12.00
Project("{FAE04EC0-301F-11D3-BF4B-00C04F79EFBC}") = "Testbed", "Testbed\Testbed.csproj", "{4996531A-8491-4128-AE70-13BCFD622963}"
EndProject
Project("{FAE04EC0-301F-11D3-BF4B-00C04F79EFBC}") = "Day1A", "Day1A\Day1A.csproj", "{3D1F78A3-B893-4E8C-9C5E-77F6505984E9}"
EndProject
Project("{FAE04EC0-301F-11D3-BF4B-00C04F79EFBC}") = "Day1B", "Day1B\Day1B.csproj", "{7814D026-1C1C-411D-8B49-7788B7F3EBEB}"
EndProject
Project("{FAE04EC0-301F-11D3-BF4B-00C04F79EFBC}") = "DayXY", "DayXY\DayXY.csproj", "{C38AA815-C49B-4FF3-A414-1D693AE6113C}"
EndProject
Project("{FAE04EC0-301F-11D3-BF4B-00C04F79EFBC}") = "Day2A", "Day2A\Day2A.csproj", "{3BFFA9CA-3B2D-4878-AA73-F19BE0FCB2A2}"
EndProject
Project("{FAE04EC0-301F-11D3-BF4B-00C04F79EFBC}") = "Day2B", "Day2B\Day2B.csproj", "{1F3CBF2A-6B67-4F56-B8D5-D0C1DB9EFBA8}"
EndProject
Project("{FAE04EC0-301F-11D3-BF4B-00C04F79EFBC}") = "Day3A", "Day3A\Day3A.csproj", "{61F8A265-84C8-4569-869A-A2C52954E91E}"
EndProject
Project("{FAE04EC0-301F-11D3-BF4B-00C04F79EFBC}") = "Day3B", "Day3B\Day3B.csproj", "{76C925EE-2B97-4719-9832-C2DD6B749BE6}"
EndProject
Project("{FAE04EC0-301F-11D3-BF4B-00C04F79EFBC}") = "Day4A", "Day4A\Day4A.csproj", "{A24AC969-A39D-4E99-A05E-00188EE8E4C3}"
EndProject
Project("{FAE04EC0-301F-11D3-BF4B-00C04F79EFBC}") = "Day4B", "Day4B\Day4B.csproj", "{A5536303-3799-4AD0-9EBC-D197D07EE850}"
EndProject
Project("{FAE04EC0-301F-11D3-BF4B-00C04F79EFBC}") = "Day5A", "Day5A\Day5A.csproj", "{138F8FEF-5D2C-4EEF-98FD-ED49D15CDA17}"
EndProject
Project("{FAE04EC0-301F-11D3-BF4B-00C04F79EFBC}") = "Day5B", "Day5B\Day5B.csproj", "{4FF00B97-1F90-4CA0-8880-22F2E95631E1}"
EndProject
Project("{FAE04EC0-301F-11D3-BF4B-00C04F79EFBC}") = "Day6A", "Day6A\Day6A.csproj", "{9D4953A2-1A2E-4866-9412-2F6EB8C2A521}"
EndProject
Project("{FAE04EC0-301F-11D3-BF4B-00C04F79EFBC}") = "Day6B", "Day6B\Day6B.csproj", "{20881530-0753-4F4D-89DA-0C909230A58A}"
EndProject
Project("{FAE04EC0-301F-11D3-BF4B-00C04F79EFBC}") = "Day7A", "Day7A\Day7A.csproj", "{E0AE2EFF-F898-43CD-B560-F733E101ACB7}"
EndProject
Project("{FAE04EC0-301F-11D3-BF4B-00C04F79EFBC}") = "Day7B", "Day7B\Day7B.csproj", "{410FA042-F768-4533-862C-B13BA48DD507}"
EndProject
Project("{FAE04EC0-301F-11D3-BF4B-00C04F79EFBC}") = "Day8A", "Day8A\Day8A.csproj", "{88823DB7-3573-4EB3-B2D4-1011286FBB08}"
EndProject
Project("{FAE04EC0-301F-11D3-BF4B-00C04F79EFBC}") = "Day8B", "Day8B\Day8B.csproj", "{18BE5EA0-29C5-40EB-ACF9-E0E68197A25F}"
EndProject
Project("{FAE04EC0-301F-11D3-BF4B-00C04F79EFBC}") = "Day9A", "Day9A\Day9A.csproj", "{FA75B8A9-0B38-4C87-BAF9-4C19EE4AFEE0}"
EndProject
Project("{FAE04EC0-301F-11D3-BF4B-00C04F79EFBC}") = "Day9B", "Day9B\Day9B.csproj", "{CC09E558-DBE6-40D4-90E9-9E8D83535721}"
EndProject
Project("{FAE04EC0-301F-11D3-BF4B-00C04F79EFBC}") = "Day10A", "Day10A\Day10A.csproj", "{63E7CB8B-FF29-4B8C-927B-CCF49CBA4AF1}"
EndProject
Project("{FAE04EC0-301F-11D3-BF4B-00C04F79EFBC}") = "Day10B", "Day10B\Day10B.csproj", "{15303F54-2987-416D-B402-65923C812152}"
EndProject
Project("{FAE04EC0-301F-11D3-BF4B-00C04F79EFBC}") = "AOC_Utilities", "AOC_Utilities\AOC_Utilities.csproj", "{1103765D-C25D-4C6E-8EE8-2ED388C40A3E}"
EndProject
Global
	GlobalSection(SolutionConfigurationPlatforms) = preSolution
		Debug|Any CPU = Debug|Any CPU
		Release|Any CPU = Release|Any CPU
	EndGlobalSection
	GlobalSection(ProjectConfigurationPlatforms) = postSolution
		{4996531A-8491-4128-AE70-13BCFD622963}.Debug|Any CPU.ActiveCfg = Debug|Any CPU
		{4996531A-8491-4128-AE70-13BCFD622963}.Debug|Any CPU.Build.0 = Debug|Any CPU
		{4996531A-8491-4128-AE70-13BCFD622963}.Release|Any CPU.ActiveCfg = Release|Any CPU
		{4996531A-8491-4128-AE70-13BCFD622963}.Release|Any CPU.Build.0 = Release|Any CPU
		{3D1F78A3-B893-4E8C-9C5E-77F6505984E9}.Debug|Any CPU.ActiveCfg = Debug|Any CPU
		{3D1F78A3-B893-4E8C-9C5E-77F6505984E9}.Debug|Any CPU.Build.0 = Debug|Any CPU
		{3D1F78A3-B893-4E8C-9C5E-77F6505984E9}.Release|Any CPU.ActiveCfg = Release|Any CPU
		{3D1F78A3-B893-4E8C-9C5E-77F6505984E9}.Release|Any CPU.Build.0 = Release|Any CPU
		{7814D026-1C1C-411D-8B49-7788B7F3EBEB}.Debug|Any CPU.ActiveCfg = Debug|Any CPU
		{7814D026-1C1C-411D-8B49-7788B7F3EBEB}.Debug|Any CPU.Build.0 = Debug|Any CPU
		{7814D026-1C1C-411D-8B49-7788B7F3EBEB}.Release|Any CPU.ActiveCfg = Release|Any CPU
		{7814D026-1C1C-411D-8B49-7788B7F3EBEB}.Release|Any CPU.Build.0 = Release|Any CPU
		{C38AA815-C49B-4FF3-A414-1D693AE6113C}.Debug|Any CPU.ActiveCfg = Debug|Any CPU
		{C38AA815-C49B-4FF3-A414-1D693AE6113C}.Debug|Any CPU.Build.0 = Debug|Any CPU
		{C38AA815-C49B-4FF3-A414-1D693AE6113C}.Release|Any CPU.ActiveCfg = Release|Any CPU
		{C38AA815-C49B-4FF3-A414-1D693AE6113C}.Release|Any CPU.Build.0 = Release|Any CPU
		{3BFFA9CA-3B2D-4878-AA73-F19BE0FCB2A2}.Debug|Any CPU.ActiveCfg = Debug|Any CPU
		{3BFFA9CA-3B2D-4878-AA73-F19BE0FCB2A2}.Debug|Any CPU.Build.0 = Debug|Any CPU
		{3BFFA9CA-3B2D-4878-AA73-F19BE0FCB2A2}.Release|Any CPU.ActiveCfg = Release|Any CPU
		{3BFFA9CA-3B2D-4878-AA73-F19BE0FCB2A2}.Release|Any CPU.Build.0 = Release|Any CPU
		{1F3CBF2A-6B67-4F56-B8D5-D0C1DB9EFBA8}.Debug|Any CPU.ActiveCfg = Debug|Any CPU
		{1F3CBF2A-6B67-4F56-B8D5-D0C1DB9EFBA8}.Debug|Any CPU.Build.0 = Debug|Any CPU
		{1F3CBF2A-6B67-4F56-B8D5-D0C1DB9EFBA8}.Release|Any CPU.ActiveCfg = Release|Any CPU
		{1F3CBF2A-6B67-4F56-B8D5-D0C1DB9EFBA8}.Release|Any CPU.Build.0 = Release|Any CPU
		{61F8A265-84C8-4569-869A-A2C52954E91E}.Debug|Any CPU.ActiveCfg = Debug|Any CPU
		{61F8A265-84C8-4569-869A-A2C52954E91E}.Debug|Any CPU.Build.0 = Debug|Any CPU
		{61F8A265-84C8-4569-869A-A2C52954E91E}.Release|Any CPU.ActiveCfg = Release|Any CPU
		{61F8A265-84C8-4569-869A-A2C52954E91E}.Release|Any CPU.Build.0 = Release|Any CPU
		{76C925EE-2B97-4719-9832-C2DD6B749BE6}.Debug|Any CPU.ActiveCfg = Debug|Any CPU
		{76C925EE-2B97-4719-9832-C2DD6B749BE6}.Debug|Any CPU.Build.0 = Debug|Any CPU
		{76C925EE-2B97-4719-9832-C2DD6B749BE6}.Release|Any CPU.ActiveCfg = Release|Any CPU
		{76C925EE-2B97-4719-9832-C2DD6B749BE6}.Release|Any CPU.Build.0 = Release|Any CPU
		{A24AC969-A39D-4E99-A05E-00188EE8E4C3}.Debug|Any CPU.ActiveCfg = Debug|Any CPU
		{A24AC969-A39D-4E99-A05E-00188EE8E4C3}.Debug|Any CPU.Build.0 = Debug|Any CPU
		{A24AC969-A39D-4E99-A05E-00188EE8E4C3}.Release|Any CPU.ActiveCfg = Release|Any CPU
		{A24AC969-A39D-4E99-A05E-00188EE8E4C3}.Release|Any CPU.Build.0 = Release|Any CPU
		{A5536303-3799-4AD0-9EBC-D197D07EE850}.Debug|Any CPU.ActiveCfg = Debug|Any CPU
		{A5536303-3799-4AD0-9EBC-D197D07EE850}.Debug|Any CPU.Build.0 = Debug|Any CPU
		{A5536303-3799-4AD0-9EBC-D197D07EE850}.Release|Any CPU.ActiveCfg = Release|Any CPU
		{A5536303-3799-4AD0-9EBC-D197D07EE850}.Release|Any CPU.Build.0 = Release|Any CPU
		{138F8FEF-5D2C-4EEF-98FD-ED49D15CDA17}.Debug|Any CPU.ActiveCfg = Debug|Any CPU
		{138F8FEF-5D2C-4EEF-98FD-ED49D15CDA17}.Debug|Any CPU.Build.0 = Debug|Any CPU
		{138F8FEF-5D2C-4EEF-98FD-ED49D15CDA17}.Release|Any CPU.ActiveCfg = Release|Any CPU
		{138F8FEF-5D2C-4EEF-98FD-ED49D15CDA17}.Release|Any CPU.Build.0 = Release|Any CPU
		{4FF00B97-1F90-4CA0-8880-22F2E95631E1}.Debug|Any CPU.ActiveCfg = Debug|Any CPU
		{4FF00B97-1F90-4CA0-8880-22F2E95631E1}.Debug|Any CPU.Build.0 = Debug|Any CPU
		{4FF00B97-1F90-4CA0-8880-22F2E95631E1}.Release|Any CPU.ActiveCfg = Release|Any CPU
		{4FF00B97-1F90-4CA0-8880-22F2E95631E1}.Release|Any CPU.Build.0 = Release|Any CPU
		{9D4953A2-1A2E-4866-9412-2F6EB8C2A521}.Debug|Any CPU.ActiveCfg = Debug|Any CPU
		{9D4953A2-1A2E-4866-9412-2F6EB8C2A521}.Debug|Any CPU.Build.0 = Debug|Any CPU
		{9D4953A2-1A2E-4866-9412-2F6EB8C2A521}.Release|Any CPU.ActiveCfg = Release|Any CPU
		{9D4953A2-1A2E-4866-9412-2F6EB8C2A521}.Release|Any CPU.Build.0 = Release|Any CPU
		{20881530-0753-4F4D-89DA-0C909230A58A}.Debug|Any CPU.ActiveCfg = Debug|Any CPU
		{20881530-0753-4F4D-89DA-0C909230A58A}.Debug|Any CPU.Build.0 = Debug|Any CPU
		{20881530-0753-4F4D-89DA-0C909230A58A}.Release|Any CPU.ActiveCfg = Release|Any CPU
		{20881530-0753-4F4D-89DA-0C909230A58A}.Release|Any CPU.Build.0 = Release|Any CPU
		{E0AE2EFF-F898-43CD-B560-F733E101ACB7}.Debug|Any CPU.ActiveCfg = Debug|Any CPU
		{E0AE2EFF-F898-43CD-B560-F733E101ACB7}.Debug|Any CPU.Build.0 = Debug|Any CPU
		{E0AE2EFF-F898-43CD-B560-F733E101ACB7}.Release|Any CPU.ActiveCfg = Release|Any CPU
		{E0AE2EFF-F898-43CD-B560-F733E101ACB7}.Release|Any CPU.Build.0 = Release|Any CPU
		{410FA042-F768-4533-862C-B13BA48DD507}.Debug|Any CPU.ActiveCfg = Debug|Any CPU
		{410FA042-F768-4533-862C-B13BA48DD507}.Debug|Any CPU.Build.0 = Debug|Any CPU
		{410FA042-F768-4533-862C-B13BA48DD507}.Release|Any CPU.ActiveCfg = Release|Any CPU
		{410FA042-F768-4533-862C-B13BA48DD507}.Release|Any CPU.Build.0 = Release|Any CPU
		{88823DB7-3573-4EB3-B2D4-1011286FBB08}.Debug|Any CPU.ActiveCfg = Debug|Any CPU
		{88823DB7-3573-4EB3-B2D4-1011286FBB08}.Debug|Any CPU.Build.0 = Debug|Any CPU
		{88823DB7-3573-4EB3-B2D4-1011286FBB08}.Release|Any CPU.ActiveCfg = Release|Any CPU
		{88823DB7-3573-4EB3-B2D4-1011286FBB08}.Release|Any CPU.Build.0 = Release|Any CPU
		{18BE5EA0-29C5-40EB-ACF9-E0E68197A25F}.Debug|Any CPU.ActiveCfg = Debug|Any CPU
		{18BE5EA0-29C5-40EB-ACF9-E0E68197A25F}.Debug|Any CPU.Build.0 = Debug|Any CPU
		{18BE5EA0-29C5-40EB-ACF9-E0E68197A25F}.Release|Any CPU.ActiveCfg = Release|Any CPU
		{18BE5EA0-29C5-40EB-ACF9-E0E68197A25F}.Release|Any CPU.Build.0 = Release|Any CPU
		{FA75B8A9-0B38-4C87-BAF9-4C19EE4AFEE0}.Debug|Any CPU.ActiveCfg = Debug|Any CPU
		{FA75B8A9-0B38-4C87-BAF9-4C19EE4AFEE0}.Debug|Any CPU.Build.0 = Debug|Any CPU
		{FA75B8A9-0B38-4C87-BAF9-4C19EE4AFEE0}.Release|Any CPU.ActiveCfg = Release|Any CPU
		{FA75B8A9-0B38-4C87-BAF9-4C19EE4AFEE0}.Release|Any CPU.Build.0 = Release|Any CPU
		{CC09E558-DBE6-40D4-90E9-9E8D83535721}.Debug|Any CPU.ActiveCfg = Debug|Any CPU
		{CC09E558-DBE6-40D4-90E9-9E8D83535721}.Debug|Any CPU.Build.0 = Debug|Any CPU
		{CC09E558-DBE6-40D4-90E9-9E8D83535721}.Release|Any CPU.ActiveCfg = Release|Any CPU
		{CC09E558-DBE6-40D4-90E9-9E8D83535721}.Release|Any CPU.Build.0 = Release|Any CPU
		{63E7CB8B-FF29-4B8C-927B-CCF49CBA4AF1}.Debug|Any CPU.ActiveCfg = Debug|Any CPU
		{63E7CB8B-FF29-4B8C-927B-CCF49CBA4AF1}.Debug|Any CPU.Build.0 = Debug|Any CPU
		{63E7CB8B-FF29-4B8C-927B-CCF49CBA4AF1}.Release|Any CPU.ActiveCfg = Release|Any CPU
		{63E7CB8B-FF29-4B8C-927B-CCF49CBA4AF1}.Release|Any CPU.Build.0 = Release|Any CPU
		{15303F54-2987-416D-B402-65923C812152}.Debug|Any CPU.ActiveCfg = Debug|Any CPU
		{15303F54-2987-416D-B402-65923C812152}.Debug|Any CPU.Build.0 = Debug|Any CPU
		{15303F54-2987-416D-B402-65923C812152}.Release|Any CPU.ActiveCfg = Release|Any CPU
		{15303F54-2987-416D-B402-65923C812152}.Release|Any CPU.Build.0 = Release|Any CPU
		{1103765D-C25D-4C6E-8EE8-2ED388C40A3E}.Debug|Any CPU.ActiveCfg = Debug|Any CPU
		{1103765D-C25D-4C6E-8EE8-2ED388C40A3E}.Debug|Any CPU.Build.0 = Debug|Any CPU
		{1103765D-C25D-4C6E-8EE8-2ED388C40A3E}.Release|Any CPU.ActiveCfg = Release|Any CPU
		{1103765D-C25D-4C6E-8EE8-2ED388C40A3E}.Release|Any CPU.Build.0 = Release|Any CPU
	EndGlobalSection
EndGlobal
